
Microsoft Visual Studio Solution File, Format Version 12.00
# Visual Studio Version 17
VisualStudioVersion = 17.3.32901.215
MinimumVisualStudioVersion = 10.0.40219.1
Project("{2150E333-8FDC-42A3-9474-1A3956D46DE8}") = "Core", "Core", "{C1947F67-73A7-4C2C-84C0-B87233C8A3B3}"
EndProject
Project("{2150E333-8FDC-42A3-9474-1A3956D46DE8}") = "Infrastructure", "Infrastructure", "{6ED9A54D-B61B-4663-A4E8-3C2C69B6FA6D}"
EndProject
Project("{2150E333-8FDC-42A3-9474-1A3956D46DE8}") = "Presentation", "Presentation", "{ACD05389-D539-43C8-A88F-D9151BC4F5F1}"
EndProject
Project("{FAE04EC0-301F-11D3-BF4B-00C04F79EFBC}") = "WebAPI", "Presentation\WebAPI\WebAPI.csproj", "{8BDE51AA-A46C-499F-866E-BCB0F2A99554}"
EndProject
Project("{FAE04EC0-301F-11D3-BF4B-00C04F79EFBC}") = "Persistence", "Infrastructure\Persistence\Persistence.csproj", "{A623B8C1-EEED-4939-ADC1-52165D4E765F}"
EndProject
Project("{FAE04EC0-301F-11D3-BF4B-00C04F79EFBC}") = "Infrastructure", "Infrastructure\Infrastructure\Infrastructure.csproj", "{419E156A-CBA7-4834-A739-08BA2A92503F}"
EndProject
Project("{FAE04EC0-301F-11D3-BF4B-00C04F79EFBC}") = "Application", "Core\Application\Application.csproj", "{4AA9DBC8-8C92-43FC-964E-7362229133AC}"
EndProject
Project("{FAE04EC0-301F-11D3-BF4B-00C04F79EFBC}") = "Domain", "Core\Domain\Domain.csproj", "{A4F3178B-EF03-44AE-BAC0-CB9604FB88AE}"
EndProject
Project("{2150E333-8FDC-42A3-9474-1A3956D46DE8}") = "tests", "tests", "{0AB3BF05-4346-4AA6-1389-037BE0695223}"
EndProject
Project("{FAE04EC0-301F-11D3-BF4B-00C04F79EFBC}") = "HRMS.Application.UnitTests", "tests\HRMS.Application.UnitTests\HRMS.Application.UnitTests.csproj", "{1405D253-D15C-43DF-AE24-2950E487BAC6}"
EndProject
Project("{FAE04EC0-301F-11D3-BF4B-00C04F79EFBC}") = "HRMS.WebAPI.FunctionalTests", "tests\HRMS.WebAPI.FunctionalTests\HRMS.WebAPI.FunctionalTests.csproj", "{EA413DAB-43B2-40D9-9F40-43C7B4750BF3}"
EndProject
Project("{FAE04EC0-301F-11D3-BF4B-00C04F79EFBC}") = "HRMS.Persistence.IntegrationTests", "tests\HRMS.Persistence.IntegrationTests\HRMS.Persistence.IntegrationTests.csproj", "{8057BE18-39B4-427E-A4E4-FA37EA9A8BB5}"
EndProject
Global
	GlobalSection(SolutionConfigurationPlatforms) = preSolution
		Debug|Any CPU = Debug|Any CPU
		Debug|x64 = Debug|x64
		Debug|x86 = Debug|x86
		Release|Any CPU = Release|Any CPU
		Release|x64 = Release|x64
		Release|x86 = Release|x86
	EndGlobalSection
	GlobalSection(ProjectConfigurationPlatforms) = postSolution
		{8BDE51AA-A46C-499F-866E-BCB0F2A99554}.Debug|Any CPU.ActiveCfg = Debug|Any CPU
		{8BDE51AA-A46C-499F-866E-BCB0F2A99554}.Debug|Any CPU.Build.0 = Debug|Any CPU
		{8BDE51AA-A46C-499F-866E-BCB0F2A99554}.Debug|x64.ActiveCfg = Debug|Any CPU
		{8BDE51AA-A46C-499F-866E-BCB0F2A99554}.Debug|x64.Build.0 = Debug|Any CPU
		{8BDE51AA-A46C-499F-866E-BCB0F2A99554}.Debug|x86.ActiveCfg = Debug|Any CPU
		{8BDE51AA-A46C-499F-866E-BCB0F2A99554}.Debug|x86.Build.0 = Debug|Any CPU
		{8BDE51AA-A46C-499F-866E-BCB0F2A99554}.Release|Any CPU.ActiveCfg = Release|Any CPU
		{8BDE51AA-A46C-499F-866E-BCB0F2A99554}.Release|Any CPU.Build.0 = Release|Any CPU
		{8BDE51AA-A46C-499F-866E-BCB0F2A99554}.Release|x64.ActiveCfg = Release|Any CPU
		{8BDE51AA-A46C-499F-866E-BCB0F2A99554}.Release|x64.Build.0 = Release|Any CPU
		{8BDE51AA-A46C-499F-866E-BCB0F2A99554}.Release|x86.ActiveCfg = Release|Any CPU
		{8BDE51AA-A46C-499F-866E-BCB0F2A99554}.Release|x86.Build.0 = Release|Any CPU
		{A623B8C1-EEED-4939-ADC1-52165D4E765F}.Debug|Any CPU.ActiveCfg = Debug|Any CPU
		{A623B8C1-EEED-4939-ADC1-52165D4E765F}.Debug|Any CPU.Build.0 = Debug|Any CPU
		{A623B8C1-EEED-4939-ADC1-52165D4E765F}.Debug|x64.ActiveCfg = Debug|Any CPU
		{A623B8C1-EEED-4939-ADC1-52165D4E765F}.Debug|x64.Build.0 = Debug|Any CPU
		{A623B8C1-EEED-4939-ADC1-52165D4E765F}.Debug|x86.ActiveCfg = Debug|Any CPU
		{A623B8C1-EEED-4939-ADC1-52165D4E765F}.Debug|x86.Build.0 = Debug|Any CPU
		{A623B8C1-EEED-4939-ADC1-52165D4E765F}.Release|Any CPU.ActiveCfg = Release|Any CPU
		{A623B8C1-EEED-4939-ADC1-52165D4E765F}.Release|Any CPU.Build.0 = Release|Any CPU
		{A623B8C1-EEED-4939-ADC1-52165D4E765F}.Release|x64.ActiveCfg = Release|Any CPU
		{A623B8C1-EEED-4939-ADC1-52165D4E765F}.Release|x64.Build.0 = Release|Any CPU
		{A623B8C1-EEED-4939-ADC1-52165D4E765F}.Release|x86.ActiveCfg = Release|Any CPU
		{A623B8C1-EEED-4939-ADC1-52165D4E765F}.Release|x86.Build.0 = Release|Any CPU
		{419E156A-CBA7-4834-A739-08BA2A92503F}.Debug|Any CPU.ActiveCfg = Debug|Any CPU
		{419E156A-CBA7-4834-A739-08BA2A92503F}.Debug|Any CPU.Build.0 = Debug|Any CPU
		{419E156A-CBA7-4834-A739-08BA2A92503F}.Debug|x64.ActiveCfg = Debug|Any CPU
		{419E156A-CBA7-4834-A739-08BA2A92503F}.Debug|x64.Build.0 = Debug|Any CPU
		{419E156A-CBA7-4834-A739-08BA2A92503F}.Debug|x86.ActiveCfg = Debug|Any CPU
		{419E156A-CBA7-4834-A739-08BA2A92503F}.Debug|x86.Build.0 = Debug|Any CPU
		{419E156A-CBA7-4834-A739-08BA2A92503F}.Release|Any CPU.ActiveCfg = Release|Any CPU
		{419E156A-CBA7-4834-A739-08BA2A92503F}.Release|Any CPU.Build.0 = Release|Any CPU
		{419E156A-CBA7-4834-A739-08BA2A92503F}.Release|x64.ActiveCfg = Release|Any CPU
		{419E156A-CBA7-4834-A739-08BA2A92503F}.Release|x64.Build.0 = Release|Any CPU
		{419E156A-CBA7-4834-A739-08BA2A92503F}.Release|x86.ActiveCfg = Release|Any CPU
		{419E156A-CBA7-4834-A739-08BA2A92503F}.Release|x86.Build.0 = Release|Any CPU
		{4AA9DBC8-8C92-43FC-964E-7362229133AC}.Debug|Any CPU.ActiveCfg = Debug|Any CPU
		{4AA9DBC8-8C92-43FC-964E-7362229133AC}.Debug|Any CPU.Build.0 = Debug|Any CPU
		{4AA9DBC8-8C92-43FC-964E-7362229133AC}.Debug|x64.ActiveCfg = Debug|Any CPU
		{4AA9DBC8-8C92-43FC-964E-7362229133AC}.Debug|x64.Build.0 = Debug|Any CPU
		{4AA9DBC8-8C92-43FC-964E-7362229133AC}.Debug|x86.ActiveCfg = Debug|Any CPU
		{4AA9DBC8-8C92-43FC-964E-7362229133AC}.Debug|x86.Build.0 = Debug|Any CPU
		{4AA9DBC8-8C92-43FC-964E-7362229133AC}.Release|Any CPU.ActiveCfg = Release|Any CPU
		{4AA9DBC8-8C92-43FC-964E-7362229133AC}.Release|Any CPU.Build.0 = Release|Any CPU
		{4AA9DBC8-8C92-43FC-964E-7362229133AC}.Release|x64.ActiveCfg = Release|Any CPU
		{4AA9DBC8-8C92-43FC-964E-7362229133AC}.Release|x64.Build.0 = Release|Any CPU
		{4AA9DBC8-8C92-43FC-964E-7362229133AC}.Release|x86.ActiveCfg = Release|Any CPU
		{4AA9DBC8-8C92-43FC-964E-7362229133AC}.Release|x86.Build.0 = Release|Any CPU
		{A4F3178B-EF03-44AE-BAC0-CB9604FB88AE}.Debug|Any CPU.ActiveCfg = Debug|Any CPU
		{A4F3178B-EF03-44AE-BAC0-CB9604FB88AE}.Debug|Any CPU.Build.0 = Debug|Any CPU
		{A4F3178B-EF03-44AE-BAC0-CB9604FB88AE}.Debug|x64.ActiveCfg = Debug|Any CPU
		{A4F3178B-EF03-44AE-BAC0-CB9604FB88AE}.Debug|x64.Build.0 = Debug|Any CPU
		{A4F3178B-EF03-44AE-BAC0-CB9604FB88AE}.Debug|x86.ActiveCfg = Debug|Any CPU
		{A4F3178B-EF03-44AE-BAC0-CB9604FB88AE}.Debug|x86.Build.0 = Debug|Any CPU
		{A4F3178B-EF03-44AE-BAC0-CB9604FB88AE}.Release|Any CPU.ActiveCfg = Release|Any CPU
		{A4F3178B-EF03-44AE-BAC0-CB9604FB88AE}.Release|Any CPU.Build.0 = Release|Any CPU
		{A4F3178B-EF03-44AE-BAC0-CB9604FB88AE}.Release|x64.ActiveCfg = Release|Any CPU
		{A4F3178B-EF03-44AE-BAC0-CB9604FB88AE}.Release|x64.Build.0 = Release|Any CPU
		{A4F3178B-EF03-44AE-BAC0-CB9604FB88AE}.Release|x86.ActiveCfg = Release|Any CPU
		{A4F3178B-EF03-44AE-BAC0-CB9604FB88AE}.Release|x86.Build.0 = Release|Any CPU
		{1405D253-D15C-43DF-AE24-2950E487BAC6}.Debug|Any CPU.ActiveCfg = Debug|Any CPU
		{1405D253-D15C-43DF-AE24-2950E487BAC6}.Debug|Any CPU.Build.0 = Debug|Any CPU
		{1405D253-D15C-43DF-AE24-2950E487BAC6}.Debug|x64.ActiveCfg = Debug|Any CPU
		{1405D253-D15C-43DF-AE24-2950E487BAC6}.Debug|x64.Build.0 = Debug|Any CPU
		{1405D253-D15C-43DF-AE24-2950E487BAC6}.Debug|x86.ActiveCfg = Debug|Any CPU
		{1405D253-D15C-43DF-AE24-2950E487BAC6}.Debug|x86.Build.0 = Debug|Any CPU
		{1405D253-D15C-43DF-AE24-2950E487BAC6}.Release|Any CPU.ActiveCfg = Release|Any CPU
		{1405D253-D15C-43DF-AE24-2950E487BAC6}.Release|Any CPU.Build.0 = Release|Any CPU
		{1405D253-D15C-43DF-AE24-2950E487BAC6}.Release|x64.ActiveCfg = Release|Any CPU
		{1405D253-D15C-43DF-AE24-2950E487BAC6}.Release|x64.Build.0 = Release|Any CPU
		{1405D253-D15C-43DF-AE24-2950E487BAC6}.Release|x86.ActiveCfg = Release|Any CPU
		{1405D253-D15C-43DF-AE24-2950E487BAC6}.Release|x86.Build.0 = Release|Any CPU
		{EA413DAB-43B2-40D9-9F40-43C7B4750BF3}.Debug|Any CPU.ActiveCfg = Debug|Any CPU
		{EA413DAB-43B2-40D9-9F40-43C7B4750BF3}.Debug|Any CPU.Build.0 = Debug|Any CPU
		{EA413DAB-43B2-40D9-9F40-43C7B4750BF3}.Debug|x64.ActiveCfg = Debug|Any CPU
		{EA413DAB-43B2-40D9-9F40-43C7B4750BF3}.Debug|x64.Build.0 = Debug|Any CPU
		{EA413DAB-43B2-40D9-9F40-43C7B4750BF3}.Debug|x86.ActiveCfg = Debug|Any CPU
		{EA413DAB-43B2-40D9-9F40-43C7B4750BF3}.Debug|x86.Build.0 = Debug|Any CPU
		{EA413DAB-43B2-40D9-9F40-43C7B4750BF3}.Release|Any CPU.ActiveCfg = Release|Any CPU
		{EA413DAB-43B2-40D9-9F40-43C7B4750BF3}.Release|Any CPU.Build.0 = Release|Any CPU
		{EA413DAB-43B2-40D9-9F40-43C7B4750BF3}.Release|x64.ActiveCfg = Release|Any CPU
		{EA413DAB-43B2-40D9-9F40-43C7B4750BF3}.Release|x64.Build.0 = Release|Any CPU
		{EA413DAB-43B2-40D9-9F40-43C7B4750BF3}.Release|x86.ActiveCfg = Release|Any CPU
		{EA413DAB-43B2-40D9-9F40-43C7B4750BF3}.Release|x86.Build.0 = Release|Any CPU
		{8057BE18-39B4-427E-A4E4-FA37EA9A8BB5}.Debug|Any CPU.ActiveCfg = Debug|Any CPU
		{8057BE18-39B4-427E-A4E4-FA37EA9A8BB5}.Debug|Any CPU.Build.0 = Debug|Any CPU
		{8057BE18-39B4-427E-A4E4-FA37EA9A8BB5}.Debug|x64.ActiveCfg = Debug|Any CPU
		{8057BE18-39B4-427E-A4E4-FA37EA9A8BB5}.Debug|x64.Build.0 = Debug|Any CPU
		{8057BE18-39B4-427E-A4E4-FA37EA9A8BB5}.Debug|x86.ActiveCfg = Debug|Any CPU
		{8057BE18-39B4-427E-A4E4-FA37EA9A8BB5}.Debug|x86.Build.0 = Debug|Any CPU
		{8057BE18-39B4-427E-A4E4-FA37EA9A8BB5}.Release|Any CPU.ActiveCfg = Release|Any CPU
		{8057BE18-39B4-427E-A4E4-FA37EA9A8BB5}.Release|Any CPU.Build.0 = Release|Any CPU
		{8057BE18-39B4-427E-A4E4-FA37EA9A8BB5}.Release|x64.ActiveCfg = Release|Any CPU
		{8057BE18-39B4-427E-A4E4-FA37EA9A8BB5}.Release|x64.Build.0 = Release|Any CPU
		{8057BE18-39B4-427E-A4E4-FA37EA9A8BB5}.Release|x86.ActiveCfg = Release|Any CPU
		{8057BE18-39B4-427E-A4E4-FA37EA9A8BB5}.Release|x86.Build.0 = Release|Any CPU
	EndGlobalSection
	GlobalSection(SolutionProperties) = preSolution
		HideSolutionNode = FALSE
	EndGlobalSection
	GlobalSection(NestedProjects) = preSolution
		{8BDE51AA-A46C-499F-866E-BCB0F2A99554} = {ACD05389-D539-43C8-A88F-D9151BC4F5F1}
		{A623B8C1-EEED-4939-ADC1-52165D4E765F} = {6ED9A54D-B61B-4663-A4E8-3C2C69B6FA6D}
		{419E156A-CBA7-4834-A739-08BA2A92503F} = {6ED9A54D-B61B-4663-A4E8-3C2C69B6FA6D}
		{4AA9DBC8-8C92-43FC-964E-7362229133AC} = {C1947F67-73A7-4C2C-84C0-B87233C8A3B3}
		{A4F3178B-EF03-44AE-BAC0-CB9604FB88AE} = {C1947F67-73A7-4C2C-84C0-B87233C8A3B3}
		{1405D253-D15C-43DF-AE24-2950E487BAC6} = {0AB3BF05-4346-4AA6-1389-037BE0695223}
		{EA413DAB-43B2-40D9-9F40-43C7B4750BF3} = {0AB3BF05-4346-4AA6-1389-037BE0695223}
		{8057BE18-39B4-427E-A4E4-FA37EA9A8BB5} = {0AB3BF05-4346-4AA6-1389-037BE0695223}
	EndGlobalSection
	GlobalSection(ExtensibilityGlobals) = postSolution
		SolutionGuid = {255265A8-57D0-4038-AF45-5D3F7DE839FA}
	EndGlobalSection
EndGlobal
